
Microsoft Visual Studio Solution File, Format Version 12.00
# Visual Studio 15
VisualStudioVersion = 15.0.27130.2024
MinimumVisualStudioVersion = 10.0.40219.1
Project("{FAE04EC0-301F-11D3-BF4B-00C04F79EFBC}") = "CAPP_Jenk1", "CAPP_Jenk1\CAPP_Jenk1.csproj", "{9EFAA094-6597-4DA2-88F6-AE9388377BC2}"
EndProject
Global
	GlobalSection(SolutionConfigurationPlatforms) = preSolution
		Debug|Any CPU = Debug|Any CPU
		Release|Any CPU = Release|Any CPU
	EndGlobalSection
	GlobalSection(ProjectConfigurationPlatforms) = postSolution
		{9EFAA094-6597-4DA2-88F6-AE9388377BC2}.Debug|Any CPU.ActiveCfg = Debug|Any CPU
		{9EFAA094-6597-4DA2-88F6-AE9388377BC2}.Debug|Any CPU.Build.0 = Debug|Any CPU
		{9EFAA094-6597-4DA2-88F6-AE9388377BC2}.Release|Any CPU.ActiveCfg = Release|Any CPU
		{9EFAA094-6597-4DA2-88F6-AE9388377BC2}.Release|Any CPU.Build.0 = Release|Any CPU
	EndGlobalSection
	GlobalSection(SolutionProperties) = preSolution
		HideSolutionNode = FALSE
	EndGlobalSection
	GlobalSection(ExtensibilityGlobals) = postSolution
		SolutionGuid = {226944B3-0A7F-40FE-9AF0-5AAFA18A80B6}
	EndGlobalSection
EndGlobal
